
Microsoft Visual Studio Solution File, Format Version 12.00
# Visual Studio Version 17
VisualStudioVersion = 17.5.002.0
MinimumVisualStudioVersion = 10.0.40219.1
Project("{9A19103F-16F7-4668-BE54-9A1E7A4F7556}") = "MudBlazorUI", "MudBlazorUI.csproj", "{F473A7C8-1C01-4D95-9B2B-F3D27B02B280}"
EndProject
Global
	GlobalSection(SolutionConfigurationPlatforms) = preSolution
		Debug|Any CPU = Debug|Any CPU
		Release|Any CPU = Release|Any CPU
	EndGlobalSection
	GlobalSection(ProjectConfigurationPlatforms) = postSolution
		{F473A7C8-1C01-4D95-9B2B-F3D27B02B280}.Debug|Any CPU.ActiveCfg = Debug|Any CPU
		{F473A7C8-1C01-4D95-9B2B-F3D27B02B280}.Debug|Any CPU.Build.0 = Debug|Any CPU
		{F473A7C8-1C01-4D95-9B2B-F3D27B02B280}.Release|Any CPU.ActiveCfg = Release|Any CPU
		{F473A7C8-1C01-4D95-9B2B-F3D27B02B280}.Release|Any CPU.Build.0 = Release|Any CPU
	EndGlobalSection
	GlobalSection(SolutionProperties) = preSolution
		HideSolutionNode = FALSE
	EndGlobalSection
	GlobalSection(ExtensibilityGlobals) = postSolution
		SolutionGuid = {52F167E7-9800-430C-BD13-DBCBEF61B641}
	EndGlobalSection
EndGlobal
